{
  "originHash" : "f91288e20c40d56ddae6cf7b5d997e122e7a6cf0c03922571b9cc3a3770d9682",
  "pins" : [
    {
      "identity" : "documentreader-swift-package",
      "kind" : "remoteSourceControl",
      "location" : "https://github.com/regulaforensics/DocumentReader-Swift-Package",
      "state" : {
        "revision" : "f3c8435664d3384b169743f7ac9b32393ad7aacc",
        "version" : "7.5.4221"
      }
    },
    {
      "identity" : "documentreaderocrrfid-swift-package",
      "kind" : "remoteSourceControl",
      "location" : "https://github.com/regulaforensics/DocumentReaderOCRRFID-Swift-Package",
      "state" : {
        "revision" : "fe8de1f6f2a8fb68db31c52d92b4ac62802da61a",
        "version" : "7.5.11021"
      }
    },
    {
      "identity" : "jwtdecode.swift",
      "kind" : "remoteSourceControl",
      "location" : "https://github.com/auth0/JWTDecode.swift",
      "state" : {
        "revision" : "3cd207fb9e943b6168a117baa3936c823204c2dc",
        "version" : "2.6.3"
      }
    },
    {
      "identity" : "lottie-spm",
      "kind" : "remoteSourceControl",
      "location" : "https://github.com/airbnb/lottie-spm",
      "state" : {
        "revision" : "3bd43e12d6fb54654366a61f7cfaca787318b8ce",
        "version" : "4.4.1"
      }
    },
    {
      "identity" : "matomo-sdk-ios",
      "kind" : "remoteSourceControl",
      "location" : "https://github.com/matomo-org/matomo-sdk-ios.git",
      "state" : {
        "revision" : "82a1f3b18215381e2133d98b7cc09b5a855ff99d",
        "version" : "7.7.0"
      }
    },
    {
      "identity" : "mobileidsdkios",
      "kind" : "remoteSourceControl",
      "location" : "https://github.com/vbmobile/MobileIdSDKiOS",
      "state" : {
        "revision" : "4bd6f99315c87f361543ec9afd24ff5aa4caf6ae",
        "version" : "8.1.0"
      }
    },
    {
      "identity" : "regulacommon-swift-package",
      "kind" : "remoteSourceControl",
      "location" : "https://github.com/regulaforensics/RegulaCommon-Swift-Package.git",
      "state" : {
        "revision" : "b82c4a97a0787d12c3b53bdf89e43951421c3233",
        "version" : "7.5.935"
      }
    },
    {
      "identity" : "vbdependencyinjector",
      "kind" : "remoteSourceControl",
      "location" : "https://github.com/vbmobile/VBDependencyInjector",
      "state" : {
        "revision" : "eff3a5ec22396833d32198dc5996f8b9be42066f",
        "version" : "1.0.5"
      }
    },
    {
      "identity" : "vbimageprocessor",
      "kind" : "remoteSourceControl",
      "location" : "https://github.com/vbmobile/VBImageProcessor",
      "state" : {
        "revision" : "21213a6daf622d7e78ecf5c33db06f21534d1f06",
        "version" : "1.2.0"
      }
    },
    {
      "identity" : "vbnetworkclient",
      "kind" : "remoteSourceControl",
      "location" : "https://github.com/vbmobile/VBNetworkClient",
      "state" : {
        "revision" : "b2730421ff17f5442cd91feafdb61f8cef4b1382",
        "version" : "5.1.1"
      }
    },
    {
      "identity" : "vbutils",
      "kind" : "remoteSourceControl",
      "location" : "https://github.com/vbmobile/VBUtils",
      "state" : {
        "revision" : "d83861845f23cab7ae3637cd1b04c0f8151f9d45",
        "version" : "2.0.0"
      }
    }
  ],
  "version" : 3
}
